PODS:
  - AFNetworking (4.0.1):
    - AFNetworking/NSURLSession (= 4.0.1)
    - AFNetworking/Reachability (= 4.0.1)
    - AFNetworking/Security (= 4.0.1)
    - AFNetworking/Serialization (= 4.0.1)
    - AFNetworking/UIKit (= 4.0.1)
  - AFNetworking/NSURLSession (4.0.1):
    - AFNetworking/Reachability
    - AFNetworking/Security
    - AFNetworking/Serialization
  - AFNetworking/Reachability (4.0.1)
  - AFNetworking/Security (4.0.1)
  - AFNetworking/Serialization (4.0.1)
  - AFNetworking/UIKit (4.0.1):
    - AFNetworking/NSURLSession
  - BetterSegmentedControl (2.0.1)
  - OneginiSDKiOS (12.2.0):
    - AFNetworking (~> 4.0.1)
    - Typhoon (~> 4.0.8)
  - SkyFloatingLabelTextField (3.8.0)
  - Swinject (2.8.1)
  - TransitionButton (0.5.3)
  - Typhoon (4.0.9):
    - Typhoon/DeallocNotifier (= 4.0.9)
    - Typhoon/IntrospectionUtils (= 4.0.9)
    - Typhoon/no-arc (= 4.0.9)
  - Typhoon/DeallocNotifier (4.0.9)
  - Typhoon/IntrospectionUtils (4.0.9)
  - Typhoon/no-arc (4.0.9):
    - Typhoon/IntrospectionUtils

DEPENDENCIES:
  - BetterSegmentedControl (~> 2.0.0)
  - OneginiSDKiOS (~> 12.2.0)
  - SkyFloatingLabelTextField (~> 3.0)
  - Swinject (= 2.8.1)
  - TransitionButton (= 0.5.3)

SPEC REPOS:
  https://github.com/CocoaPods/Specs.git:
    - AFNetworking
    - BetterSegmentedControl
    - SkyFloatingLabelTextField
    - Swinject
    - TransitionButton
    - Typhoon
  https://repo.onewelcome.com/artifactory/api/pods/cocoapods-public:
    - OneginiSDKiOS

SPEC CHECKSUMS:
  AFNetworking: 3bd23d814e976cd148d7d44c3ab78017b744cd58
  BetterSegmentedControl: 09607b27861d49cbce48b7673b74f9150a3d371a
  OneginiSDKiOS: 5bbc97d65252dc6a0ec431895fb4377ddea61ae1
  SkyFloatingLabelTextField: 5a338412114808e961fe2d14ea2c5452c8b6e4aa
  Swinject: 97112918bd7e0785dc2df7036213f3c8cbba6586
  TransitionButton: 36283346e17c64775a1b3bc3a7a72940a367de1f
  Typhoon: 1973c93ecfb3edb963d78b10e715bc2911475bd2

PODFILE CHECKSUM: 32b6f5738956156298820ace434b25937228ce4f

COCOAPODS: 1.11.3
