PODS:
  - AFNetworking (4.0.1):
    - AFNetworking/NSURLSession (= 4.0.1)
    - AFNetworking/Reachability (= 4.0.1)
    - AFNetworking/Security (= 4.0.1)
    - AFNetworking/Serialization (= 4.0.1)
    - AFNetworking/UIKit (= 4.0.1)
  - AFNetworking/NSURLSession (4.0.1):
    - AFNetworking/Reachability
    - AFNetworking/Security
    - AFNetworking/Serialization
  - AFNetworking/Reachability (4.0.1)
  - AFNetworking/Security (4.0.1)
  - AFNetworking/Serialization (4.0.1)
  - AFNetworking/UIKit (4.0.1):
    - AFNetworking/NSURLSession
  - BetterSegmentedControl (0.9)
  - OneginiSDKiOS (12.0.0):
    - AFNetworking (= 4.0.1)
    - Typhoon (= 4.0.8)
  - SkyFloatingLabelTextField (3.8.0)
  - Swinject (2.4.1)
  - TransitionButton (0.5.1)
  - Typhoon (4.0.8):
    - Typhoon/DeallocNotifier (= 4.0.8)
    - Typhoon/IntrospectionUtils (= 4.0.8)
    - Typhoon/no-arc (= 4.0.8)
  - Typhoon/DeallocNotifier (4.0.8)
  - Typhoon/IntrospectionUtils (4.0.8)
  - Typhoon/no-arc (4.0.8):
    - Typhoon/IntrospectionUtils

DEPENDENCIES:
  - BetterSegmentedControl (~> 0.9)
  - OneginiSDKiOS (from `/Users/szymon/Projects/onegini-msp-sdk-ios`)
  - SkyFloatingLabelTextField (~> 3.0)
  - Swinject (= 2.4.1)
  - TransitionButton (= 0.5.1)

SPEC REPOS:
  https://github.com/CocoaPods/Specs.git:
    - AFNetworking
    - BetterSegmentedControl
    - SkyFloatingLabelTextField
    - Swinject
    - TransitionButton
    - Typhoon

EXTERNAL SOURCES:
  OneginiSDKiOS:
    :path: "/Users/szymon/Projects/onegini-msp-sdk-ios"

SPEC CHECKSUMS:
  AFNetworking: 7864c38297c79aaca1500c33288e429c3451fdce
  BetterSegmentedControl: 40b2b6a08bbc59663149624d1b5235efa8d43a3c
  OneginiSDKiOS: 1ba0ffabd6fcad14fd85c46aa77da58e6e240b01
  SkyFloatingLabelTextField: 5a338412114808e961fe2d14ea2c5452c8b6e4aa
  Swinject: f7f15a9672e99328c1f07f277091087917215700
  TransitionButton: 20f92b3cc726b047e4df200fdab5307f33395a81
  Typhoon: f8901ef1ad0e2fa520cda0f668492dd33353f7dc

PODFILE CHECKSUM: 20864207ee83d051d094588d448bed2fbbef6d88

COCOAPODS: 1.11.3
