{
  "originHash" : "db3fdfb52921ae2c058fe7286dc8366cca6a7543fee447acfc2e8e5d5b4b51ea",
  "pins" : [
    {
      "identity" : "OneWelcome.SDKDependencies",
      "kind" : "registry",
      "location" : "",
      "state" : {
        "version" : "0.10.4"
      }
    },
    {
      "identity" : "OneWelcome.SDKSPM-dev",
      "kind" : "registry",
      "location" : "",
      "state" : {
        "version" : "13.0.7"
      }
    }
  ],
  "version" : 3
}
