{
  "originHash" : "3676ebac66f0a10eab1f3d1fe8a1791fc9883f9303c7b6f790b446616a3ec7fd",
  "pins" : [
    {
      "identity" : "OneWelcome.SDKDependencies",
      "kind" : "registry",
      "location" : "",
      "state" : {
        "version" : "0.10.4"
      }
    },
    {
      "identity" : "OneWelcome.SDKSPM-dev",
      "kind" : "registry",
      "location" : "",
      "state" : {
        "version" : "13.0.9"
      }
    }
  ],
  "version" : 3
}
