{
  "originHash" : "8d0835f02b8b398acc9ad0fc012fa26aef0864b00ee3a8c66b3ac14d3a612222",
  "pins" : [
    {
      "identity" : "OneWelcome.SDKDependencies",
      "kind" : "registry",
      "location" : "",
      "state" : {
        "version" : "0.9.1"
      }
    },
    {
      "identity" : "OneWelcome.SDKSPM-dev",
      "kind" : "registry",
      "location" : "",
      "state" : {
        "version" : "0.9.0"
      }
    }
  ],
  "version" : 3
}
